
Microsoft Visual Studio Solution File, Format Version 12.00
# Visual Studio Version 16
VisualStudioVersion = 16.0.29424.173
MinimumVisualStudioVersion = 10.0.40219.1
Project("{F184B08F-C81C-45F6-A57F-5ABD9991F28F}") = "InterruptChecker", "InterruptChecker\InterruptChecker.vbproj", "{3AADE342-5CF1-4960-BF8E-4CC21E295752}"
EndProject
Global
	GlobalSection(SolutionConfigurationPlatforms) = preSolution
		Debug|Any CPU = Debug|Any CPU
		Release|Any CPU = Release|Any CPU
	EndGlobalSection
	GlobalSection(ProjectConfigurationPlatforms) = postSolution
		{3AADE342-5CF1-4960-BF8E-4CC21E295752}.Debug|Any CPU.ActiveCfg = Debug|Any CPU
		{3AADE342-5CF1-4960-BF8E-4CC21E295752}.Debug|Any CPU.Build.0 = Debug|Any CPU
		{3AADE342-5CF1-4960-BF8E-4CC21E295752}.Release|Any CPU.ActiveCfg = Release|Any CPU
		{3AADE342-5CF1-4960-BF8E-4CC21E295752}.Release|Any CPU.Build.0 = Release|Any CPU
	EndGlobalSection
	GlobalSection(SolutionProperties) = preSolution
		HideSolutionNode = FALSE
	EndGlobalSection
	GlobalSection(ExtensibilityGlobals) = postSolution
		SolutionGuid = {939B2E50-B90E-4139-ACB0-D977B4FDBEBC}
	EndGlobalSection
EndGlobal
